<?xml version="1.0" encoding="utf-8"?>
<Project ToolsVersion="4.0" xmlns="http://schemas.microsoft.com/developer/msbuild/2003">
  <ItemGroup>
    <Filter Include="Source Files">
      <UniqueIdentifier>{4FC737F1-C7A5-4376-A066-2A32D752A2FF}</UniqueIdentifier>
      <Extensions>cpp;c;cc;cxx;def;odl;idl;hpj;bat;asm;asmx</Extensions>
    </Filter>
    <Filter Include="Header Files">
      <UniqueIdentifier>{93995380-89BD-4b04-88EB-625FBE52EBFB}</UniqueIdentifier>
      <Extensions>h;hh;hpp;hxx;hm;inl;inc;ipp;xsd</Extensions>
    </Filter>
    <Filter Include="Resource Files">
      <UniqueIdentifier>{67DA6AB6-F800-4c08-8B7A-83BB121AAD01}</UniqueIdentifier>
      <Extensions>rc;ico;cur;bmp;dlg;rc2;rct;bin;rgs;gif;jpg;jpeg;jpe;resx;tiff;tif;png;wav;mfcribbon-ms</Extensions>
    </Filter>
    <Filter Include="Vulkan">
      <UniqueIdentifier>{0f98a465-dc74-4aa1-8b09-a6bfd4aa0e6a}</UniqueIdentifier>
    </Filter>
    <Filter Include="engine">
      <UniqueIdentifier>{1cb3c66d-3d5b-40e4-bb3e-9f8cf8637897}</UniqueIdentifier>
    </Filter>
    <Filter Include="engine\input">
      <UniqueIdentifier>{b92133bc-62b6-4a54-9283-eadd601b5de6}</UniqueIdentifier>
    </Filter>
    <Filter Include="engine\interfaces">
      <UniqueIdentifier>{214f26d4-4ad9-45bd-a6eb-9f04561dac41}</UniqueIdentifier>
    </Filter>
    <Filter Include="Source Files\States">
      <UniqueIdentifier>{ac41f596-5235-46be-b2b8-8c3446228480}</UniqueIdentifier>
    </Filter>
  </ItemGroup>
  <ItemGroup>
    <ClInclude Include="engine\Clock.h">
      <Filter>engine</Filter>
    </ClInclude>
    <ClInclude Include="engine\input\ApplicationEventListener.h">
      <Filter>engine\input</Filter>
    </ClInclude>
    <ClInclude Include="engine\input\Event.h">
      <Filter>engine\input</Filter>
    </ClInclude>
    <ClInclude Include="engine\input\EventDispatcher.h">
      <Filter>engine\input</Filter>
    </ClInclude>
    <ClInclude Include="engine\input\Keyboard.h">
      <Filter>engine\input</Filter>
    </ClInclude>
    <ClInclude Include="engine\input\KeyboardEventListener.h">
      <Filter>engine\input</Filter>
    </ClInclude>
    <ClInclude Include="engine\input\Mouse.h">
      <Filter>engine\input</Filter>
    </ClInclude>
    <ClInclude Include="engine\input\MouseEventListener.h">
      <Filter>engine\input</Filter>
    </ClInclude>
    <ClInclude Include="engine\interfaces\IStateMachine.h">
      <Filter>engine\interfaces</Filter>
    </ClInclude>
    <ClInclude Include="src\States\StateMachine.h">
      <Filter>Source Files\States</Filter>
    </ClInclude>
    <ClInclude Include="src\Application.h">
      <Filter>Header Files</Filter>
    </ClInclude>
    <ClInclude Include="src\Globals.h">
      <Filter>Header Files</Filter>
    </ClInclude>
    <ClInclude Include="src\States\Default.h">
      <Filter>Source Files\States</Filter>
    </ClInclude>
    <ClInclude Include="engine\TrackBall.h">
      <Filter>engine</Filter>
    </ClInclude>
    <ClInclude Include="Vulkan\Data.h">
      <Filter>Vulkan</Filter>
    </ClInclude>
    <ClInclude Include="engine\ObjModel.h">
      <Filter>engine</Filter>
    </ClInclude>
    <ClInclude Include="engine\Camera.h">
      <Filter>engine</Filter>
    </ClInclude>
    <ClInclude Include="Vulkan\VlkContext.h">
      <Filter>Vulkan</Filter>
    </ClInclude>
    <ClInclude Include="Vulkan\VlkExtension.h">
      <Filter>Vulkan</Filter>
    </ClInclude>
    <ClInclude Include="Vulkan\VlkTexture.h">
      <Filter>Vulkan</Filter>
    </ClInclude>
    <ClInclude Include="Vulkan\VlkSwapchain.h">
      <Filter>Vulkan</Filter>
    </ClInclude>
    <ClInclude Include="Vulkan\VlkSwapchainElement.h">
      <Filter>Vulkan</Filter>
    </ClInclude>
    <ClInclude Include="engine\Material.h">
      <Filter>engine</Filter>
    </ClInclude>
    <ClInclude Include="Vulkan\VlkBuffer.h">
      <Filter>Vulkan</Filter>
    </ClInclude>
    <ClInclude Include="Vulkan\VlkMesh.h">
      <Filter>Vulkan</Filter>
    </ClInclude>
    <ClInclude Include="engine\AssimpModel.h">
      <Filter>engine</Filter>
    </ClInclude>
  </ItemGroup>
  <ItemGroup>
    <ClCompile Include="src\Application.cpp">
      <Filter>Source Files</Filter>
    </ClCompile>
    <ClCompile Include="src\main.cpp">
      <Filter>Source Files</Filter>
    </ClCompile>
    <ClCompile Include="engine\input\ApplicationEventListener.cpp">
      <Filter>engine\input</Filter>
    </ClCompile>
    <ClCompile Include="engine\input\EventDispatcher.cpp">
      <Filter>engine\input</Filter>
    </ClCompile>
    <ClCompile Include="engine\input\Keyboard.cpp">
      <Filter>engine\input</Filter>
    </ClCompile>
    <ClCompile Include="engine\input\KeyboardEventListener.cpp">
      <Filter>engine\input</Filter>
    </ClCompile>
    <ClCompile Include="engine\input\Mouse.cpp">
      <Filter>engine\input</Filter>
    </ClCompile>
    <ClCompile Include="engine\input\MouseEventListener.cpp">
      <Filter>engine\input</Filter>
    </ClCompile>
    <ClCompile Include="src\States\StateMachine.cpp">
      <Filter>Source Files\States</Filter>
    </ClCompile>
    <ClCompile Include="src\States\Default.cpp">
      <Filter>Source Files\States</Filter>
    </ClCompile>
    <ClCompile Include="engine\ObjModel.cpp">
      <Filter>engine</Filter>
    </ClCompile>
    <ClCompile Include="engine\Camera.cpp">
      <Filter>engine</Filter>
    </ClCompile>
    <ClCompile Include="Vulkan\VlkContext.cpp">
      <Filter>Vulkan</Filter>
    </ClCompile>
    <ClCompile Include="Vulkan\VlkExtension.cpp">
      <Filter>Vulkan</Filter>
    </ClCompile>
    <ClCompile Include="Vulkan\VlkTexture.cpp">
      <Filter>Vulkan</Filter>
    </ClCompile>
    <ClCompile Include="Vulkan\VlkSwapchain.cpp">
      <Filter>Vulkan</Filter>
    </ClCompile>
    <ClCompile Include="Vulkan\VlkSwapchainElement.cpp">
      <Filter>Vulkan</Filter>
    </ClCompile>
    <ClCompile Include="engine\Material.cpp">
      <Filter>engine</Filter>
    </ClCompile>
    <ClCompile Include="Vulkan\VlkBuffer.cpp">
      <Filter>Vulkan</Filter>
    </ClCompile>
    <ClCompile Include="Vulkan\VlkMesh.cpp">
      <Filter>Vulkan</Filter>
    </ClCompile>
    <ClCompile Include="engine\AssimpModel.cpp">
      <Filter>engine</Filter>
    </ClCompile>
  </ItemGroup>
</Project>