<?xml version="1.0" encoding="utf-8"?>
<Project ToolsVersion="4.0" xmlns="http://schemas.microsoft.com/developer/msbuild/2003">
  <ItemGroup>
    <Filter Include="Source Files">
      <UniqueIdentifier>{4FC737F1-C7A5-4376-A066-2A32D752A2FF}</UniqueIdentifier>
      <Extensions>cpp;c;cc;cxx;def;odl;idl;hpj;bat;asm;asmx</Extensions>
    </Filter>
    <Filter Include="Header Files">
      <UniqueIdentifier>{93995380-89BD-4b04-88EB-625FBE52EBFB}</UniqueIdentifier>
      <Extensions>h;hh;hpp;hxx;hm;inl;inc;ipp;xsd</Extensions>
    </Filter>
    <Filter Include="Resource Files">
      <UniqueIdentifier>{67DA6AB6-F800-4c08-8B7A-83BB121AAD01}</UniqueIdentifier>
      <Extensions>rc;ico;cur;bmp;dlg;rc2;rct;bin;rgs;gif;jpg;jpeg;jpe;resx;tiff;tif;png;wav;mfcribbon-ms</Extensions>
    </Filter>
    <Filter Include="Vulkan">
      <UniqueIdentifier>{0f98a465-dc74-4aa1-8b09-a6bfd4aa0e6a}</UniqueIdentifier>
    </Filter>
    <Filter Include="engine">
      <UniqueIdentifier>{1cb3c66d-3d5b-40e4-bb3e-9f8cf8637897}</UniqueIdentifier>
    </Filter>
    <Filter Include="engine\input">
      <UniqueIdentifier>{b92133bc-62b6-4a54-9283-eadd601b5de6}</UniqueIdentifier>
    </Filter>
    <Filter Include="engine\interfaces">
      <UniqueIdentifier>{214f26d4-4ad9-45bd-a6eb-9f04561dac41}</UniqueIdentifier>
    </Filter>
    <Filter Include="Source Files\States">
      <UniqueIdentifier>{ac41f596-5235-46be-b2b8-8c3446228480}</UniqueIdentifier>
    </Filter>
    <Filter Include="Vulkan2">
      <UniqueIdentifier>{42eccc0b-d2fd-404e-ae28-67f01d5e2428}</UniqueIdentifier>
    </Filter>
  </ItemGroup>
  <ItemGroup>
    <ClInclude Include="engine\Clock.h">
      <Filter>engine</Filter>
    </ClInclude>
    <ClInclude Include="engine\Vector.h">
      <Filter>engine</Filter>
    </ClInclude>
    <ClInclude Include="engine\input\ApplicationEventListener.h">
      <Filter>engine\input</Filter>
    </ClInclude>
    <ClInclude Include="engine\input\Event.h">
      <Filter>engine\input</Filter>
    </ClInclude>
    <ClInclude Include="engine\input\EventDispatcher.h">
      <Filter>engine\input</Filter>
    </ClInclude>
    <ClInclude Include="engine\input\Keyboard.h">
      <Filter>engine\input</Filter>
    </ClInclude>
    <ClInclude Include="engine\input\KeyboardEventListener.h">
      <Filter>engine\input</Filter>
    </ClInclude>
    <ClInclude Include="engine\input\Mouse.h">
      <Filter>engine\input</Filter>
    </ClInclude>
    <ClInclude Include="engine\input\MouseEventListener.h">
      <Filter>engine\input</Filter>
    </ClInclude>
    <ClInclude Include="engine\interfaces\IStateMachine.h">
      <Filter>engine\interfaces</Filter>
    </ClInclude>
    <ClInclude Include="src\States\StateMachine.h">
      <Filter>Source Files\States</Filter>
    </ClInclude>
    <ClInclude Include="src\Application.h">
      <Filter>Header Files</Filter>
    </ClInclude>
    <ClInclude Include="src\Globals.h">
      <Filter>Header Files</Filter>
    </ClInclude>
    <ClInclude Include="src\States\Default.h">
      <Filter>Source Files\States</Filter>
    </ClInclude>
    <ClInclude Include="Vulkan\command.h">
      <Filter>Vulkan</Filter>
    </ClInclude>
    <ClInclude Include="Vulkan\device.h">
      <Filter>Vulkan</Filter>
    </ClInclude>
    <ClInclude Include="Vulkan\frame.h">
      <Filter>Vulkan</Filter>
    </ClInclude>
    <ClInclude Include="Vulkan\image.h">
      <Filter>Vulkan</Filter>
    </ClInclude>
    <ClInclude Include="Vulkan\instance.h">
      <Filter>Vulkan</Filter>
    </ClInclude>
    <ClInclude Include="Vulkan\renderer.h">
      <Filter>Vulkan</Filter>
    </ClInclude>
    <ClInclude Include="Vulkan\shader.h">
      <Filter>Vulkan</Filter>
    </ClInclude>
    <ClInclude Include="Vulkan\swapchain.h">
      <Filter>Vulkan</Filter>
    </ClInclude>
    <ClInclude Include="swapchain_element.h">
      <Filter>Vulkan</Filter>
    </ClInclude>
    <ClInclude Include="entity.h">
      <Filter>Vulkan</Filter>
    </ClInclude>
    <ClInclude Include="swap_chain.h">
      <Filter>Vulkan</Filter>
    </ClInclude>
    <ClInclude Include="Vulkan2\VkExtension.h">
      <Filter>Vulkan2</Filter>
    </ClInclude>
  </ItemGroup>
  <ItemGroup>
    <ClCompile Include="engine\Vector.cpp">
      <Filter>engine</Filter>
    </ClCompile>
    <ClCompile Include="src\Application.cpp">
      <Filter>Source Files</Filter>
    </ClCompile>
    <ClCompile Include="src\main.cpp">
      <Filter>Source Files</Filter>
    </ClCompile>
    <ClCompile Include="engine\input\ApplicationEventListener.cpp">
      <Filter>engine\input</Filter>
    </ClCompile>
    <ClCompile Include="engine\input\EventDispatcher.cpp">
      <Filter>engine\input</Filter>
    </ClCompile>
    <ClCompile Include="engine\input\Keyboard.cpp">
      <Filter>engine\input</Filter>
    </ClCompile>
    <ClCompile Include="engine\input\KeyboardEventListener.cpp">
      <Filter>engine\input</Filter>
    </ClCompile>
    <ClCompile Include="engine\input\Mouse.cpp">
      <Filter>engine\input</Filter>
    </ClCompile>
    <ClCompile Include="engine\input\MouseEventListener.cpp">
      <Filter>engine\input</Filter>
    </ClCompile>
    <ClCompile Include="src\States\StateMachine.cpp">
      <Filter>Source Files\States</Filter>
    </ClCompile>
    <ClCompile Include="src\States\Default.cpp">
      <Filter>Source Files\States</Filter>
    </ClCompile>
    <ClCompile Include="Vulkan\command.cpp">
      <Filter>Vulkan</Filter>
    </ClCompile>
    <ClCompile Include="Vulkan\device.cpp">
      <Filter>Vulkan</Filter>
    </ClCompile>
    <ClCompile Include="Vulkan\frame.cpp">
      <Filter>Vulkan</Filter>
    </ClCompile>
    <ClCompile Include="Vulkan\image.cpp">
      <Filter>Vulkan</Filter>
    </ClCompile>
    <ClCompile Include="Vulkan\instance.cpp">
      <Filter>Vulkan</Filter>
    </ClCompile>
    <ClCompile Include="Vulkan\renderer.cpp">
      <Filter>Vulkan</Filter>
    </ClCompile>
    <ClCompile Include="Vulkan\shader.cpp">
      <Filter>Vulkan</Filter>
    </ClCompile>
    <ClCompile Include="Vulkan\swapchain.cpp">
      <Filter>Vulkan</Filter>
    </ClCompile>
    <ClCompile Include="swapchain_element.cpp">
      <Filter>Vulkan</Filter>
    </ClCompile>
    <ClCompile Include="entity.cpp">
      <Filter>Vulkan</Filter>
    </ClCompile>
    <ClCompile Include="swap_chain.cpp">
      <Filter>Vulkan</Filter>
    </ClCompile>
    <ClCompile Include="Vulkan2\VkExtension.cpp">
      <Filter>Vulkan2</Filter>
    </ClCompile>
  </ItemGroup>
</Project>